
Microsoft Visual Studio Solution File, Format Version 12.00
# Visual Studio Version 17
VisualStudioVersion = 17.5.33530.505
MinimumVisualStudioVersion = 10.0.40219.1
Project("{FAE04EC0-301F-11D3-BF4B-00C04F79EFBC}") = "PlayWriteApplication", "PlayWriteApplication\PlayWriteApplication.csproj", "{1787E7DB-23E1-4A64-BB8C-FDC70E58AEF8}"
EndProject
Global
	GlobalSection(SolutionConfigurationPlatforms) = preSolution
		Debug|Any CPU = Debug|Any CPU
		Release|Any CPU = Release|Any CPU
	EndGlobalSection
	GlobalSection(ProjectConfigurationPlatforms) = postSolution
		{1787E7DB-23E1-4A64-BB8C-FDC70E58AEF8}.Debug|Any CPU.ActiveCfg = Debug|Any CPU
		{1787E7DB-23E1-4A64-BB8C-FDC70E58AEF8}.Debug|Any CPU.Build.0 = Debug|Any CPU
		{1787E7DB-23E1-4A64-BB8C-FDC70E58AEF8}.Release|Any CPU.ActiveCfg = Release|Any CPU
		{1787E7DB-23E1-4A64-BB8C-FDC70E58AEF8}.Release|Any CPU.Build.0 = Release|Any CPU
	EndGlobalSection
	GlobalSection(SolutionProperties) = preSolution
		HideSolutionNode = FALSE
	EndGlobalSection
	GlobalSection(ExtensibilityGlobals) = postSolution
		SolutionGuid = {2EF936AA-0EB2-4EE5-B63B-6768098668D4}
	EndGlobalSection
EndGlobal
